
Microsoft Visual Studio Solution File, Format Version 12.00
# Visual Studio 15
VisualStudioVersion = 15.0.26430.14
MinimumVisualStudioVersion = 10.0.40219.1
Project("{FAE04EC0-301F-11D3-BF4B-00C04F79EFBC}") = "Singleton Pattern Example", "Singleton Pattern Example\Singleton Pattern Example.csproj", "{D545AB92-F9D8-45CF-BC77-CD1578FFE4DB}"
EndProject
Global
	GlobalSection(SolutionConfigurationPlatforms) = preSolution
		Debug|Any CPU = Debug|Any CPU
		Release|Any CPU = Release|Any CPU
	EndGlobalSection
	GlobalSection(ProjectConfigurationPlatforms) = postSolution
		{D545AB92-F9D8-45CF-BC77-CD1578FFE4DB}.Debug|Any CPU.ActiveCfg = Debug|Any CPU
		{D545AB92-F9D8-45CF-BC77-CD1578FFE4DB}.Debug|Any CPU.Build.0 = Debug|Any CPU
		{D545AB92-F9D8-45CF-BC77-CD1578FFE4DB}.Release|Any CPU.ActiveCfg = Release|Any CPU
		{D545AB92-F9D8-45CF-BC77-CD1578FFE4DB}.Release|Any CPU.Build.0 = Release|Any CPU
	EndGlobalSection
	GlobalSection(SolutionProperties) = preSolution
		HideSolutionNode = FALSE
	EndGlobalSection
EndGlobal
